
Microsoft Visual Studio Solution File, Format Version 12.00
# Visual Studio Version 17
VisualStudioVersion = 17.5.002.0
MinimumVisualStudioVersion = 10.0.40219.1
Project("{9A19103F-16F7-4668-BE54-9A1E7A4F7556}") = "ToDoApi", "ToDoApi\ToDoApi.csproj", "{D9528A88-0622-4FA8-BD41-C2D3CBE016CC}"
EndProject
Global
	GlobalSection(SolutionConfigurationPlatforms) = preSolution
		Debug|Any CPU = Debug|Any CPU
		Release|Any CPU = Release|Any CPU
	EndGlobalSection
	GlobalSection(ProjectConfigurationPlatforms) = postSolution
		{D9528A88-0622-4FA8-BD41-C2D3CBE016CC}.Debug|Any CPU.ActiveCfg = Debug|Any CPU
		{D9528A88-0622-4FA8-BD41-C2D3CBE016CC}.Debug|Any CPU.Build.0 = Debug|Any CPU
		{D9528A88-0622-4FA8-BD41-C2D3CBE016CC}.Release|Any CPU.ActiveCfg = Release|Any CPU
		{D9528A88-0622-4FA8-BD41-C2D3CBE016CC}.Release|Any CPU.Build.0 = Release|Any CPU
	EndGlobalSection
	GlobalSection(SolutionProperties) = preSolution
		HideSolutionNode = FALSE
	EndGlobalSection
	GlobalSection(ExtensibilityGlobals) = postSolution
		SolutionGuid = {5BF6A474-0BB3-45D8-B05B-F4A55628D22B}
	EndGlobalSection
EndGlobal
